// !$*UTF8*$!
{
	archiveVersion = 1;
	classes = {
	};
	objectVersion = 46;
	objects = {

/* Begin PBXBuildFile section */
		696F39A5113A7CB4001E8670 /* STE.icns in Resources */ = {isa = PBXBuildFile; fileRef = 696F39A4113A7CB4001E8670 /* STE.icns */; };
		6991EA9512D0D7B8006F189D /* ConnectionState.m in Sources */ = {isa = PBXBuildFile; fileRef = 6991E88112CB8D05006F189D /* ConnectionState.m */; };
		6991EC1912D1040A006F189D /* RetrievedBuffer.m in Sources */ = {isa = PBXBuildFile; fileRef = 6991EC1712D1040A006F189D /* RetrievedBuffer.m */; };
		69CC7A2C12FBE8AC00DE5676 /* NightDataTest.m in Sources */ = {isa = PBXBuildFile; fileRef = 69E0A6FE12CB371100B7DC74 /* NightDataTest.m */; };
		69CC7A2D12FBE8B700DE5676 /* Cocoa.framework in Frameworks */ = {isa = PBXBuildFile; fileRef = 1058C7A1FEA54F0111CA2CBB /* Cocoa.framework */; };
		69CC7A2E12FBE8B700DE5676 /* IOKit.framework in Frameworks */ = {isa = PBXBuildFile; fileRef = 84B434A70F91516800913D12 /* IOKit.framework */; };
		69CC7A3B12FBE8DC00DE5676 /* NightData.m in Sources */ = {isa = PBXBuildFile; fileRef = 69D2BA5D112716E90032FE36 /* NightData.m */; };
		69CC7A3C12FBE8DC00DE5676 /* ApplicationDelegate.m in Sources */ = {isa = PBXBuildFile; fileRef = 84B434960F91511700913D12 /* ApplicationDelegate.m */; };
		69CC7A3D12FBE8DC00DE5676 /* GUI.m in Sources */ = {isa = PBXBuildFile; fileRef = 84B4355D0F91522900913D12 /* GUI.m */; };
		69CC7A3E12FBE8DC00DE5676 /* serial.c in Sources */ = {isa = PBXBuildFile; fileRef = 84B4349A0F91511700913D12 /* serial.c */; };
		69CC7A3F12FBE8DC00DE5676 /* Terminal.m in Sources */ = {isa = PBXBuildFile; fileRef = 84B4349D0F91511700913D12 /* Terminal.m */; };
		69CC7A4012FBE8DC00DE5676 /* ConnectionState.m in Sources */ = {isa = PBXBuildFile; fileRef = 6991E88112CB8D05006F189D /* ConnectionState.m */; };
		69CC7A4112FBE8DC00DE5676 /* RetrievedBuffer.m in Sources */ = {isa = PBXBuildFile; fileRef = 6991EC1712D1040A006F189D /* RetrievedBuffer.m */; };
		69CC7A9512FC1B5600DE5676 /* NightDataTest.m in Sources */ = {isa = PBXBuildFile; fileRef = 69E0A6FE12CB371100B7DC74 /* NightDataTest.m */; };
		69CC7A9612FC1B5600DE5676 /* NightData.m in Sources */ = {isa = PBXBuildFile; fileRef = 69D2BA5D112716E90032FE36 /* NightData.m */; };
		69CC7A9B12FC1B5600DE5676 /* ConnectionState.m in Sources */ = {isa = PBXBuildFile; fileRef = 6991E88112CB8D05006F189D /* ConnectionState.m */; };
		69CC7A9C12FC1B5600DE5676 /* RetrievedBuffer.m in Sources */ = {isa = PBXBuildFile; fileRef = 6991EC1712D1040A006F189D /* RetrievedBuffer.m */; };
		69CC7A9E12FC1B5600DE5676 /* Cocoa.framework in Frameworks */ = {isa = PBXBuildFile; fileRef = 1058C7A1FEA54F0111CA2CBB /* Cocoa.framework */; };
		69CC7A9F12FC1B5600DE5676 /* IOKit.framework in Frameworks */ = {isa = PBXBuildFile; fileRef = 84B434A70F91516800913D12 /* IOKit.framework */; };
		69D2BA5E112716E90032FE36 /* NightData.m in Sources */ = {isa = PBXBuildFile; fileRef = 69D2BA5D112716E90032FE36 /* NightData.m */; };
		84B434160F90679900913D12 /* MainMenu.nib in Resources */ = {isa = PBXBuildFile; fileRef = 84B434140F90679900913D12 /* MainMenu.nib */; };
		84B4349E0F91511700913D12 /* ApplicationDelegate.m in Sources */ = {isa = PBXBuildFile; fileRef = 84B434960F91511700913D12 /* ApplicationDelegate.m */; };
		84B434A00F91511700913D12 /* serial.c in Sources */ = {isa = PBXBuildFile; fileRef = 84B4349A0F91511700913D12 /* serial.c */; };
		84B434A10F91511700913D12 /* Terminal.m in Sources */ = {isa = PBXBuildFile; fileRef = 84B4349D0F91511700913D12 /* Terminal.m */; };
		84B434A80F91516800913D12 /* IOKit.framework in Frameworks */ = {isa = PBXBuildFile; fileRef = 84B434A70F91516800913D12 /* IOKit.framework */; };
		84B4355F0F91522900913D12 /* GUI.m in Sources */ = {isa = PBXBuildFile; fileRef = 84B4355D0F91522900913D12 /* GUI.m */; };
		84B4356A0F91553C00913D12 /* GUI.nib in Resources */ = {isa = PBXBuildFile; fileRef = 84B435680F91553C00913D12 /* GUI.nib */; };
		8D11072B0486CEB800E47090 /* InfoPlist.strings in Resources */ = {isa = PBXBuildFile; fileRef = 089C165CFE840E0CC02AAC07 /* InfoPlist.strings */; };
		8D11072D0486CEB800E47090 /* main.m in Sources */ = {isa = PBXBuildFile; fileRef = 29B97316FDCFA39411CA2CEA /* main.m */; settings = {ATTRIBUTES = (); }; };
		8D11072F0486CEB800E47090 /* Cocoa.framework in Frameworks */ = {isa = PBXBuildFile; fileRef = 1058C7A1FEA54F0111CA2CBB /* Cocoa.framework */; };
/* End PBXBuildFile section */

/* Begin PBXContainerItemProxy section */
		69CC7A2912FBE89600DE5676 /* PBXContainerItemProxy */ = {
			isa = PBXContainerItemProxy;
			containerPortal = 29B97313FDCFA39411CA2CEA /* Project object */;
			proxyType = 1;
			remoteGlobalIDString = 8D1107260486CEB800E47090 /* SleepTrackerX */;
			remoteInfo = SleepTrackerX;
		};
/* End PBXContainerItemProxy section */

/* Begin PBXFileReference section */
		089C165DFE840E0CC02AAC07 /* English */ = {isa = PBXFileReference; fileEncoding = 10; lastKnownFileType = text.plist.strings; name = English; path = English.lproj/InfoPlist.strings; sourceTree = "<group>"; };
		1058C7A1FEA54F0111CA2CBB /* Cocoa.framework */ = {isa = PBXFileReference; lastKnownFileType = wrapper.framework; name = Cocoa.framework; path = /System/Library/Frameworks/Cocoa.framework; sourceTree = "<absolute>"; };
		13E42FB307B3F0F600E4EEF1 /* CoreData.framework */ = {isa = PBXFileReference; lastKnownFileType = wrapper.framework; name = CoreData.framework; path = /System/Library/Frameworks/CoreData.framework; sourceTree = "<absolute>"; };
		29B97316FDCFA39411CA2CEA /* main.m */ = {isa = PBXFileReference; fileEncoding = 4; lastKnownFileType = sourcecode.c.objc; path = main.m; sourceTree = "<group>"; };
		29B97324FDCFA39411CA2CEA /* AppKit.framework */ = {isa = PBXFileReference; lastKnownFileType = wrapper.framework; name = AppKit.framework; path = /System/Library/Frameworks/AppKit.framework; sourceTree = "<absolute>"; };
		29B97325FDCFA39411CA2CEA /* Foundation.framework */ = {isa = PBXFileReference; lastKnownFileType = wrapper.framework; name = Foundation.framework; path = /System/Library/Frameworks/Foundation.framework; sourceTree = "<absolute>"; };
		32CA4F630368D1EE00C91783 /* SleepTrackerX_Prefix.pch */ = {isa = PBXFileReference; fileEncoding = 4; lastKnownFileType = sourcecode.c.h; path = SleepTrackerX_Prefix.pch; sourceTree = "<group>"; };
		696F39A4113A7CB4001E8670 /* STE.icns */ = {isa = PBXFileReference; lastKnownFileType = image.icns; name = STE.icns; path = Icons/STE.icns; sourceTree = "<group>"; };
		6991E88012CB8D05006F189D /* ConnectionState.h */ = {isa = PBXFileReference; fileEncoding = 4; lastKnownFileType = sourcecode.c.h; path = ConnectionState.h; sourceTree = "<group>"; };
		6991E88112CB8D05006F189D /* ConnectionState.m */ = {isa = PBXFileReference; fileEncoding = 4; lastKnownFileType = sourcecode.c.objc; path = ConnectionState.m; sourceTree = "<group>"; };
		6991EC1612D1040A006F189D /* RetrievedBuffer.h */ = {isa = PBXFileReference; fileEncoding = 4; lastKnownFileType = sourcecode.c.h; path = RetrievedBuffer.h; sourceTree = "<group>"; };
		6991EC1712D1040A006F189D /* RetrievedBuffer.m */ = {isa = PBXFileReference; fileEncoding = 4; lastKnownFileType = sourcecode.c.objc; path = RetrievedBuffer.m; sourceTree = "<group>"; };
		69CC789E12FBDA6D00DE5676 /* DataManipulationTests-Info.plist */ = {isa = PBXFileReference; lastKnownFileType = text.plist.xml; path = "DataManipulationTests-Info.plist"; sourceTree = "<group>"; };
		69CC799812FBDC5600DE5676 /* Info copy.plist */ = {isa = PBXFileReference; lastKnownFileType = text.plist.xml; path = "Info copy.plist"; sourceTree = "<group>"; };
		69CC79B812FBDED900DE5676 /* TTT-Info.plist */ = {isa = PBXFileReference; lastKnownFileType = text.plist.xml; path = "TTT-Info.plist"; sourceTree = "<group>"; };
		69CC79D812FBE37200DE5676 /* TestDataManipulation-Info.plist */ = {isa = PBXFileReference; lastKnownFileType = text.plist.xml; path = "TestDataManipulation-Info.plist"; sourceTree = "<group>"; };
		69CC7A0212FBE76000DE5676 /* TestCOmpil-Info.plist */ = {isa = PBXFileReference; lastKnownFileType = text.plist.xml; path = "TestCOmpil-Info.plist"; sourceTree = "<group>"; };
		69CC7A2612FBE89100DE5676 /* TestDataManipulation.octest */ = {isa = PBXFileReference; explicitFileType = wrapper.cfbundle; includeInIndex = 0; path = TestDataManipulation.octest; sourceTree = BUILT_PRODUCTS_DIR; };
		69CC7AA412FC1B5600DE5676 /* TestDataManipulation.octest */ = {isa = PBXFileReference; explicitFileType = wrapper.cfbundle; includeInIndex = 0; path = TestDataManipulation.octest; sourceTree = BUILT_PRODUCTS_DIR; };
		69CC7AA512FC1B5600DE5676 /* TestDataManipulation-Info copy.plist */ = {isa = PBXFileReference; lastKnownFileType = text.plist.xml; path = "TestDataManipulation-Info copy.plist"; sourceTree = "<group>"; };
		69CC7B4012FDEF7A00DE5676 /* TestDataManipulation-Info copy 2.plist */ = {isa = PBXFileReference; lastKnownFileType = text.plist.xml; path = "TestDataManipulation-Info copy 2.plist"; sourceTree = "<group>"; };
		69D2BA5C112716E90032FE36 /* NightData.h */ = {isa = PBXFileReference; fileEncoding = 4; lastKnownFileType = sourcecode.c.h; name = NightData.h; path = ../NightData.h; sourceTree = "<group>"; };
		69D2BA5D112716E90032FE36 /* NightData.m */ = {isa = PBXFileReference; fileEncoding = 4; lastKnownFileType = sourcecode.c.objc; name = NightData.m; path = ../NightData.m; sourceTree = "<group>"; };
		69E0A6E112CB368E00B7DC74 /* TestSleeptracker-Info.plist */ = {isa = PBXFileReference; lastKnownFileType = text.plist.xml; path = "TestSleeptracker-Info.plist"; sourceTree = "<group>"; };
		69E0A6FD12CB371100B7DC74 /* NightDataTest.h */ = {isa = PBXFileReference; fileEncoding = 4; lastKnownFileType = sourcecode.c.h; path = NightDataTest.h; sourceTree = "<group>"; };
		69E0A6FE12CB371100B7DC74 /* NightDataTest.m */ = {isa = PBXFileReference; fileEncoding = 4; lastKnownFileType = sourcecode.c.objc; path = NightDataTest.m; sourceTree = "<group>"; };
		84B434150F90679900913D12 /* English */ = {isa = PBXFileReference; lastKnownFileType = wrapper.nib; name = English; path = English.lproj/MainMenu.nib; sourceTree = "<group>"; };
		84B434950F91511700913D12 /* ApplicationDelegate.h */ = {isa = PBXFileReference; fileEncoding = 4; lastKnownFileType = sourcecode.c.h; path = ApplicationDelegate.h; sourceTree = "<group>"; };
		84B434960F91511700913D12 /* ApplicationDelegate.m */ = {isa = PBXFileReference; fileEncoding = 4; lastKnownFileType = sourcecode.c.objc; path = ApplicationDelegate.m; sourceTree = "<group>"; };
		84B4349A0F91511700913D12 /* serial.c */ = {isa = PBXFileReference; fileEncoding = 4; lastKnownFileType = sourcecode.c.c; path = serial.c; sourceTree = "<group>"; };
		84B4349B0F91511700913D12 /* serial.h */ = {isa = PBXFileReference; fileEncoding = 4; lastKnownFileType = sourcecode.c.h; path = serial.h; sourceTree = "<group>"; };
		84B4349C0F91511700913D12 /* Terminal.h */ = {isa = PBXFileReference; fileEncoding = 4; lastKnownFileType = sourcecode.c.h; path = Terminal.h; sourceTree = "<group>"; };
		84B4349D0F91511700913D12 /* Terminal.m */ = {isa = PBXFileReference; fileEncoding = 4; lastKnownFileType = sourcecode.c.objc; path = Terminal.m; sourceTree = "<group>"; };
		84B434A70F91516800913D12 /* IOKit.framework */ = {isa = PBXFileReference; lastKnownFileType = wrapper.framework; name = IOKit.framework; path = /System/Library/Frameworks/IOKit.framework; sourceTree = "<absolute>"; };
		84B4355D0F91522900913D12 /* GUI.m */ = {isa = PBXFileReference; fileEncoding = 4; lastKnownFileType = sourcecode.c.objc; path = GUI.m; sourceTree = "<group>"; };
		84B4355E0F91522900913D12 /* GUI.h */ = {isa = PBXFileReference; fileEncoding = 4; lastKnownFileType = sourcecode.c.h; path = GUI.h; sourceTree = "<group>"; };
		84B435690F91553C00913D12 /* English */ = {isa = PBXFileReference; lastKnownFileType = wrapper.nib; name = English; path = English.lproj/GUI.nib; sourceTree = "<group>"; };
		8D1107310486CEB800E47090 /* Info.plist */ = {isa = PBXFileReference; fileEncoding = 4; lastKnownFileType = text.plist.xml; path = Info.plist; sourceTree = "<group>"; };
		8D1107320486CEB800E47090 /* SleepTrackerX.app */ = {isa = PBXFileReference; explicitFileType = wrapper.application; includeInIndex = 0; path = SleepTrackerX.app; sourceTree = BUILT_PRODUCTS_DIR; };
/* End PBXFileReference section */

/* Begin PBXFrameworksBuildPhase section */
		69CC7A2312FBE89100DE5676 /* Frameworks */ = {
			isa = PBXFrameworksBuildPhase;
			buildActionMask = 2147483647;
			files = (
				69CC7A2D12FBE8B700DE5676 /* Cocoa.framework in Frameworks */,
				69CC7A2E12FBE8B700DE5676 /* IOKit.framework in Frameworks */,
			);
			runOnlyForDeploymentPostprocessing = 0;
		};
		69CC7A9D12FC1B5600DE5676 /* Frameworks */ = {
			isa = PBXFrameworksBuildPhase;
			buildActionMask = 2147483647;
			files = (
				69CC7A9E12FC1B5600DE5676 /* Cocoa.framework in Frameworks */,
				69CC7A9F12FC1B5600DE5676 /* IOKit.framework in Frameworks */,
			);
			runOnlyForDeploymentPostprocessing = 0;
		};
		8D11072E0486CEB800E47090 /* Frameworks */ = {
			isa = PBXFrameworksBuildPhase;
			buildActionMask = 2147483647;
			files = (
				8D11072F0486CEB800E47090 /* Cocoa.framework in Frameworks */,
				84B434A80F91516800913D12 /* IOKit.framework in Frameworks */,
			);
			runOnlyForDeploymentPostprocessing = 0;
		};
/* End PBXFrameworksBuildPhase section */

/* Begin PBXGroup section */
		1058C7A0FEA54F0111CA2CBB /* Linked Frameworks */ = {
			isa = PBXGroup;
			children = (
				84B434A70F91516800913D12 /* IOKit.framework */,
				1058C7A1FEA54F0111CA2CBB /* Cocoa.framework */,
			);
			name = "Linked Frameworks";
			sourceTree = "<group>";
		};
		1058C7A2FEA54F0111CA2CBB /* Other Frameworks */ = {
			isa = PBXGroup;
			children = (
				29B97324FDCFA39411CA2CEA /* AppKit.framework */,
				13E42FB307B3F0F600E4EEF1 /* CoreData.framework */,
				29B97325FDCFA39411CA2CEA /* Foundation.framework */,
			);
			name = "Other Frameworks";
			sourceTree = "<group>";
		};
		19C28FACFE9D520D11CA2CBB /* Products */ = {
			isa = PBXGroup;
			children = (
				8D1107320486CEB800E47090 /* SleepTrackerX.app */,
				69CC7A2612FBE89100DE5676 /* TestDataManipulation.octest */,
				69CC7AA412FC1B5600DE5676 /* TestDataManipulation.octest */,
			);
			name = Products;
			sourceTree = "<group>";
		};
		29B97314FDCFA39411CA2CEA /* SleepTrackerX */ = {
			isa = PBXGroup;
			children = (
				69E0A6F112CB36BD00B7DC74 /* Tests */,
				84B434940F91511700913D12 /* Sources */,
				29B97315FDCFA39411CA2CEA /* Other Sources */,
				29B97317FDCFA39411CA2CEA /* Resources */,
				29B97323FDCFA39411CA2CEA /* Frameworks */,
				19C28FACFE9D520D11CA2CBB /* Products */,
				69E0A6E112CB368E00B7DC74 /* TestSleeptracker-Info.plist */,
				69CC789E12FBDA6D00DE5676 /* DataManipulationTests-Info.plist */,
				69CC79B812FBDED900DE5676 /* TTT-Info.plist */,
				69CC79D812FBE37200DE5676 /* TestDataManipulation-Info.plist */,
				69CC7A0212FBE76000DE5676 /* TestCOmpil-Info.plist */,
				69CC7AA512FC1B5600DE5676 /* TestDataManipulation-Info copy.plist */,
				69CC7B4012FDEF7A00DE5676 /* TestDataManipulation-Info copy 2.plist */,
			);
			name = SleepTrackerX;
			sourceTree = "<group>";
		};
		29B97315FDCFA39411CA2CEA /* Other Sources */ = {
			isa = PBXGroup;
			children = (
				32CA4F630368D1EE00C91783 /* SleepTrackerX_Prefix.pch */,
				29B97316FDCFA39411CA2CEA /* main.m */,
			);
			name = "Other Sources";
			sourceTree = "<group>";
		};
		29B97317FDCFA39411CA2CEA /* Resources */ = {
			isa = PBXGroup;
			children = (
				696F39A4113A7CB4001E8670 /* STE.icns */,
				8D1107310486CEB800E47090 /* Info.plist */,
				089C165CFE840E0CC02AAC07 /* InfoPlist.strings */,
				84B434140F90679900913D12 /* MainMenu.nib */,
				84B435680F91553C00913D12 /* GUI.nib */,
				69CC799812FBDC5600DE5676 /* Info copy.plist */,
			);
			name = Resources;
			sourceTree = "<group>";
		};
		29B97323FDCFA39411CA2CEA /* Frameworks */ = {
			isa = PBXGroup;
			children = (
				1058C7A0FEA54F0111CA2CBB /* Linked Frameworks */,
				1058C7A2FEA54F0111CA2CBB /* Other Frameworks */,
			);
			name = Frameworks;
			sourceTree = "<group>";
		};
		69E0A6F112CB36BD00B7DC74 /* Tests */ = {
			isa = PBXGroup;
			children = (
				69E0A6FD12CB371100B7DC74 /* NightDataTest.h */,
				69E0A6FE12CB371100B7DC74 /* NightDataTest.m */,
			);
			name = Tests;
			sourceTree = "<group>";
		};
		84B434940F91511700913D12 /* Sources */ = {
			isa = PBXGroup;
			children = (
				69D2BA5C112716E90032FE36 /* NightData.h */,
				69D2BA5D112716E90032FE36 /* NightData.m */,
				84B434950F91511700913D12 /* ApplicationDelegate.h */,
				84B434960F91511700913D12 /* ApplicationDelegate.m */,
				84B4355E0F91522900913D12 /* GUI.h */,
				84B4355D0F91522900913D12 /* GUI.m */,
				84B4349B0F91511700913D12 /* serial.h */,
				84B4349A0F91511700913D12 /* serial.c */,
				84B4349C0F91511700913D12 /* Terminal.h */,
				84B4349D0F91511700913D12 /* Terminal.m */,
				6991E88012CB8D05006F189D /* ConnectionState.h */,
				6991E88112CB8D05006F189D /* ConnectionState.m */,
				6991EC1612D1040A006F189D /* RetrievedBuffer.h */,
				6991EC1712D1040A006F189D /* RetrievedBuffer.m */,
			);
			path = Sources;
			sourceTree = "<group>";
		};
/* End PBXGroup section */

/* Begin PBXNativeTarget section */
		69CC7A2512FBE89100DE5676 /* TestDataManipulation */ = {
			isa = PBXNativeTarget;
			buildConfigurationList = 69CC7A3A12FBE8C300DE5676 /* Build configuration list for PBXNativeTarget "TestDataManipulation" */;
			buildPhases = (
				69CC7A2112FBE89100DE5676 /* Resources */,
				69CC7A2212FBE89100DE5676 /* Sources */,
				69CC7A2312FBE89100DE5676 /* Frameworks */,
				69CC7A2412FBE89100DE5676 /* ShellScript */,
			);
			buildRules = (
			);
			dependencies = (
				69CC7A2A12FBE89600DE5676 /* PBXTargetDependency */,
			);
			name = TestDataManipulation;
			productName = TestDataManipulation;
			productReference = 69CC7A2612FBE89100DE5676 /* TestDataManipulation.octest */;
			productType = "com.apple.product-type.bundle";
		};
		69CC7A9012FC1B5600DE5676 /* TestDataManipulation copy */ = {
			isa = PBXNativeTarget;
			buildConfigurationList = 69CC7AA112FC1B5600DE5676 /* Build configuration list for PBXNativeTarget "TestDataManipulation copy" */;
			buildPhases = (
				69CC7A9312FC1B5600DE5676 /* Resources */,
				69CC7A9412FC1B5600DE5676 /* Sources */,
				69CC7A9D12FC1B5600DE5676 /* Frameworks */,
				69CC7AA012FC1B5600DE5676 /* ShellScript */,
			);
			buildRules = (
			);
			dependencies = (
			);
			name = "TestDataManipulation copy";
			productName = TestDataManipulation;
			productReference = 69CC7AA412FC1B5600DE5676 /* TestDataManipulation.octest */;
			productType = "com.apple.product-type.bundle";
		};
		8D1107260486CEB800E47090 /* SleepTrackerX */ = {
			isa = PBXNativeTarget;
			buildConfigurationList = C01FCF4A08A954540054247B /* Build configuration list for PBXNativeTarget "SleepTrackerX" */;
			buildPhases = (
				8D1107290486CEB800E47090 /* Resources */,
				8D11072C0486CEB800E47090 /* Sources */,
				8D11072E0486CEB800E47090 /* Frameworks */,
			);
			buildRules = (
			);
			dependencies = (
			);
			name = SleepTrackerX;
			productInstallPath = "$(HOME)/Applications";
			productName = SleepTrackerX;
			productReference = 8D1107320486CEB800E47090 /* SleepTrackerX.app */;
			productType = "com.apple.product-type.application";
		};
/* End PBXNativeTarget section */

/* Begin PBXProject section */
		29B97313FDCFA39411CA2CEA /* Project object */ = {
			isa = PBXProject;
			attributes = {
				ORGANIZATIONNAME = tuxella;
			};
			buildConfigurationList = C01FCF4E08A954540054247B /* Build configuration list for PBXProject "SleepTrackerX" */;
			compatibilityVersion = "Xcode 3.2";
			developmentRegion = English;
			hasScannedForEncodings = 1;
			knownRegions = (
				English,
				Japanese,
				French,
				German,
			);
			mainGroup = 29B97314FDCFA39411CA2CEA /* SleepTrackerX */;
			projectDirPath = "";
			projectRoot = "";
			targets = (
				8D1107260486CEB800E47090 /* SleepTrackerX */,
				69CC7A2512FBE89100DE5676 /* TestDataManipulation */,
				69CC7A9012FC1B5600DE5676 /* TestDataManipulation copy */,
			);
		};
/* End PBXProject section */

/* Begin PBXResourcesBuildPhase section */
		69CC7A2112FBE89100DE5676 /* Resources */ = {
			isa = PBXResourcesBuildPhase;
			buildActionMask = 2147483647;
			files = (
			);
			runOnlyForDeploymentPostprocessing = 0;
		};
		69CC7A9312FC1B5600DE5676 /* Resources */ = {
			isa = PBXResourcesBuildPhase;
			buildActionMask = 2147483647;
			files = (
			);
			runOnlyForDeploymentPostprocessing = 0;
		};
		8D1107290486CEB800E47090 /* Resources */ = {
			isa = PBXResourcesBuildPhase;
			buildActionMask = 2147483647;
			files = (
				8D11072B0486CEB800E47090 /* InfoPlist.strings in Resources */,
				84B434160F90679900913D12 /* MainMenu.nib in Resources */,
				84B4356A0F91553C00913D12 /* GUI.nib in Resources */,
				696F39A5113A7CB4001E8670 /* STE.icns in Resources */,
			);
			runOnlyForDeploymentPostprocessing = 0;
		};
/* End PBXResourcesBuildPhase section */

/* Begin PBXShellScriptBuildPhase section */
		69CC7A2412FBE89100DE5676 /* ShellScript */ = {
			isa = PBXShellScriptBuildPhase;
			buildActionMask = 2147483647;
			files = (
			);
			inputPaths = (
			);
			outputPaths = (
			);
			runOnlyForDeploymentPostprocessing = 0;
			shellPath = /bin/sh;
			shellScript = "# Run the unit tests in this test bundle.\n\"${SYSTEM_DEVELOPER_DIR}/Tools/RunUnitTests\"\n";
		};
		69CC7AA012FC1B5600DE5676 /* ShellScript */ = {
			isa = PBXShellScriptBuildPhase;
			buildActionMask = 2147483647;
			files = (
			);
			inputPaths = (
			);
			outputPaths = (
			);
			runOnlyForDeploymentPostprocessing = 0;
			shellPath = /bin/sh;
			shellScript = "# Run the unit tests in this test bundle.\n\"${SYSTEM_DEVELOPER_DIR}/Tools/RunUnitTests\"\n";
		};
/* End PBXShellScriptBuildPhase section */

/* Begin PBXSourcesBuildPhase section */
		69CC7A2212FBE89100DE5676 /* Sources */ = {
			isa = PBXSourcesBuildPhase;
			buildActionMask = 2147483647;
			files = (
				69CC7A2C12FBE8AC00DE5676 /* NightDataTest.m in Sources */,
				69CC7A3B12FBE8DC00DE5676 /* NightData.m in Sources */,
				69CC7A3C12FBE8DC00DE5676 /* ApplicationDelegate.m in Sources */,
				69CC7A3D12FBE8DC00DE5676 /* GUI.m in Sources */,
				69CC7A3E12FBE8DC00DE5676 /* serial.c in Sources */,
				69CC7A3F12FBE8DC00DE5676 /* Terminal.m in Sources */,
				69CC7A4012FBE8DC00DE5676 /* ConnectionState.m in Sources */,
				69CC7A4112FBE8DC00DE5676 /* RetrievedBuffer.m in Sources */,
			);
			runOnlyForDeploymentPostprocessing = 0;
		};
		69CC7A9412FC1B5600DE5676 /* Sources */ = {
			isa = PBXSourcesBuildPhase;
			buildActionMask = 2147483647;
			files = (
				69CC7A9512FC1B5600DE5676 /* NightDataTest.m in Sources */,
				69CC7A9612FC1B5600DE5676 /* NightData.m in Sources */,
				69CC7A9B12FC1B5600DE5676 /* ConnectionState.m in Sources */,
				69CC7A9C12FC1B5600DE5676 /* RetrievedBuffer.m in Sources */,
			);
			runOnlyForDeploymentPostprocessing = 0;
		};
		8D11072C0486CEB800E47090 /* Sources */ = {
			isa = PBXSourcesBuildPhase;
			buildActionMask = 2147483647;
			files = (
				6991EA9512D0D7B8006F189D /* ConnectionState.m in Sources */,
				8D11072D0486CEB800E47090 /* main.m in Sources */,
				84B4349E0F91511700913D12 /* ApplicationDelegate.m in Sources */,
				84B434A00F91511700913D12 /* serial.c in Sources */,
				84B434A10F91511700913D12 /* Terminal.m in Sources */,
				84B4355F0F91522900913D12 /* GUI.m in Sources */,
				69D2BA5E112716E90032FE36 /* NightData.m in Sources */,
				6991EC1912D1040A006F189D /* RetrievedBuffer.m in Sources */,
			);
			runOnlyForDeploymentPostprocessing = 0;
		};
/* End PBXSourcesBuildPhase section */

/* Begin PBXTargetDependency section */
		69CC7A2A12FBE89600DE5676 /* PBXTargetDependency */ = {
			isa = PBXTargetDependency;
			target = 8D1107260486CEB800E47090 /* SleepTrackerX */;
			targetProxy = 69CC7A2912FBE89600DE5676 /* PBXContainerItemProxy */;
		};
/* End PBXTargetDependency section */

/* Begin PBXVariantGroup section */
		089C165CFE840E0CC02AAC07 /* InfoPlist.strings */ = {
			isa = PBXVariantGroup;
			children = (
				089C165DFE840E0CC02AAC07 /* English */,
			);
			name = InfoPlist.strings;
			sourceTree = "<group>";
		};
		84B434140F90679900913D12 /* MainMenu.nib */ = {
			isa = PBXVariantGroup;
			children = (
				84B434150F90679900913D12 /* English */,
			);
			name = MainMenu.nib;
			sourceTree = "<group>";
		};
		84B435680F91553C00913D12 /* GUI.nib */ = {
			isa = PBXVariantGroup;
			children = (
				84B435690F91553C00913D12 /* English */,
			);
			name = GUI.nib;
			sourceTree = "<group>";
		};
/* End PBXVariantGroup section */

/* Begin XCBuildConfiguration section */
		69CC7A2712FBE89100DE5676 /* Debug */ = {
			isa = XCBuildConfiguration;
			buildSettings = {
				ALWAYS_SEARCH_USER_PATHS = NO;
				ARCHS = "$(NATIVE_ARCH_ACTUAL)";
				COPY_PHASE_STRIP = NO;
				FRAMEWORK_SEARCH_PATHS = "$(DEVELOPER_LIBRARY_DIR)/Frameworks";
				GCC_DYNAMIC_NO_PIC = NO;
				GCC_ENABLE_FIX_AND_CONTINUE = NO;
				GCC_ENABLE_OBJC_EXCEPTIONS = YES;
				GCC_ENABLE_OBJC_GC = unsupported;
				GCC_INPUT_FILETYPE = sourcecode.c.objc;
				GCC_MODEL_TUNING = G5;
				GCC_OPTIMIZATION_LEVEL = 0;
				GCC_PRECOMPILE_PREFIX_HEADER = YES;
				GCC_PREFIX_HEADER = "$(SYSTEM_LIBRARY_DIR)/Frameworks/Cocoa.framework/Headers/Cocoa.h";
				GCC_VERSION = "";
				INFOPLIST_FILE = "TestDataManipulation-Info.plist";
				INSTALL_PATH = "$(USER_LIBRARY_DIR)/Bundles";
				OTHER_LDFLAGS = (
					"-framework",
					Cocoa,
					"-framework",
					SenTestingKit,
				);
				PREBINDING = NO;
				PRODUCT_NAME = TestDataManipulation;
				WRAPPER_EXTENSION = octest;
			};
			name = Debug;
		};
		69CC7A2812FBE89100DE5676 /* Release */ = {
			isa = XCBuildConfiguration;
			buildSettings = {
				ALWAYS_SEARCH_USER_PATHS = NO;
				COPY_PHASE_STRIP = YES;
				DEBUG_INFORMATION_FORMAT = "dwarf-with-dsym";
				FRAMEWORK_SEARCH_PATHS = "$(DEVELOPER_LIBRARY_DIR)/Frameworks";
				GCC_ENABLE_FIX_AND_CONTINUE = NO;
				GCC_ENABLE_OBJC_EXCEPTIONS = YES;
				GCC_MODEL_TUNING = G5;
				GCC_PRECOMPILE_PREFIX_HEADER = YES;
				GCC_PREFIX_HEADER = "$(SYSTEM_LIBRARY_DIR)/Frameworks/Cocoa.framework/Headers/Cocoa.h";
				INFOPLIST_FILE = "TestDataManipulation-Info.plist";
				INSTALL_PATH = "$(USER_LIBRARY_DIR)/Bundles";
				OTHER_LDFLAGS = (
					"-framework",
					Cocoa,
					"-framework",
					SenTestingKit,
				);
				PREBINDING = NO;
				PRODUCT_NAME = TestDataManipulation;
				WRAPPER_EXTENSION = octest;
				ZERO_LINK = NO;
			};
			name = Release;
		};
		69CC7AA212FC1B5600DE5676 /* Debug */ = {
			isa = XCBuildConfiguration;
			buildSettings = {
				ALWAYS_SEARCH_USER_PATHS = NO;
				COPY_PHASE_STRIP = NO;
				FRAMEWORK_SEARCH_PATHS = "$(DEVELOPER_LIBRARY_DIR)/Frameworks";
				GCC_DYNAMIC_NO_PIC = NO;
				GCC_ENABLE_FIX_AND_CONTINUE = NO;
				GCC_ENABLE_OBJC_EXCEPTIONS = YES;
				GCC_INPUT_FILETYPE = sourcecode.c.objc;
				GCC_MODEL_TUNING = G5;
				GCC_OPTIMIZATION_LEVEL = 0;
				GCC_PRECOMPILE_PREFIX_HEADER = YES;
				GCC_PREFIX_HEADER = "$(SYSTEM_LIBRARY_DIR)/Frameworks/Cocoa.framework/Headers/Cocoa.h";
				GCC_VERSION = "";
				INFOPLIST_FILE = "TestDataManipulation-Info copy.plist";
				INSTALL_PATH = "$(USER_LIBRARY_DIR)/Bundles";
				OTHER_LDFLAGS = (
					"-framework",
					Cocoa,
					"-framework",
					SenTestingKit,
				);
				PREBINDING = NO;
				PRODUCT_NAME = TestDataManipulation;
				WRAPPER_EXTENSION = octest;
			};
			name = Debug;
		};
		69CC7AA312FC1B5600DE5676 /* Release */ = {
			isa = XCBuildConfiguration;
			buildSettings = {
				ALWAYS_SEARCH_USER_PATHS = NO;
				COPY_PHASE_STRIP = YES;
				DEBUG_INFORMATION_FORMAT = "dwarf-with-dsym";
				FRAMEWORK_SEARCH_PATHS = "$(DEVELOPER_LIBRARY_DIR)/Frameworks";
				GCC_ENABLE_FIX_AND_CONTINUE = NO;
				GCC_ENABLE_OBJC_EXCEPTIONS = YES;
				GCC_MODEL_TUNING = G5;
				GCC_PRECOMPILE_PREFIX_HEADER = YES;
				GCC_PREFIX_HEADER = "$(SYSTEM_LIBRARY_DIR)/Frameworks/Cocoa.framework/Headers/Cocoa.h";
				INFOPLIST_FILE = "TestDataManipulation-Info copy.plist";
				INSTALL_PATH = "$(USER_LIBRARY_DIR)/Bundles";
				OTHER_LDFLAGS = (
					"-framework",
					Cocoa,
					"-framework",
					SenTestingKit,
				);
				PREBINDING = NO;
				PRODUCT_NAME = TestDataManipulation;
				WRAPPER_EXTENSION = octest;
				ZERO_LINK = NO;
			};
			name = Release;
		};
		C01FCF4B08A954540054247B /* Debug */ = {
			isa = XCBuildConfiguration;
			buildSettings = {
				ALWAYS_SEARCH_USER_PATHS = NO;
				COPY_PHASE_STRIP = NO;
				GCC_DYNAMIC_NO_PIC = NO;
				GCC_ENABLE_FIX_AND_CONTINUE = YES;
				GCC_MODEL_TUNING = G5;
				GCC_OPTIMIZATION_LEVEL = 0;
				GCC_PRECOMPILE_PREFIX_HEADER = YES;
				GCC_PREFIX_HEADER = SleepTrackerX_Prefix.pch;
				INFOPLIST_FILE = Info.plist;
				INSTALL_PATH = "$(HOME)/Applications";
				PRODUCT_NAME = SleepTrackerX;
			};
			name = Debug;
		};
		C01FCF4C08A954540054247B /* Release */ = {
			isa = XCBuildConfiguration;
			buildSettings = {
				ALWAYS_SEARCH_USER_PATHS = NO;
				DEBUG_INFORMATION_FORMAT = "dwarf-with-dsym";
				GCC_MODEL_TUNING = G5;
				GCC_PRECOMPILE_PREFIX_HEADER = YES;
				GCC_PREFIX_HEADER = SleepTrackerX_Prefix.pch;
				GCC_VERSION = com.apple.compilers.llvm.clang.1_0;
				INFOPLIST_FILE = Info.plist;
				INSTALL_PATH = "$(HOME)/Applications";
				PRODUCT_NAME = SleepTrackerX;
				SDKROOT = macosx10.4;
			};
			name = Release;
		};
		C01FCF4F08A954540054247B /* Debug */ = {
			isa = XCBuildConfiguration;
			buildSettings = {
				ARCHS = "$(ARCHS_STANDARD_32_BIT)";
				GCC_C_LANGUAGE_STANDARD = c99;
				GCC_OPTIMIZATION_LEVEL = 0;
				GCC_WARN_ABOUT_RETURN_TYPE = YES;
				GCC_WARN_UNUSED_VARIABLE = YES;
				ONLY_ACTIVE_ARCH = YES;
				PREBINDING = NO;
				SDKROOT = macosx10.5;
			};
			name = Debug;
		};
		C01FCF5008A954540054247B /* Release */ = {
			isa = XCBuildConfiguration;
			buildSettings = {
				ARCHS = "$(ARCHS_STANDARD_32_BIT)";
				GCC_C_LANGUAGE_STANDARD = c99;
				GCC_VERSION = 4.2;
				GCC_WARN_ABOUT_RETURN_TYPE = YES;
				GCC_WARN_UNUSED_VARIABLE = YES;
				PREBINDING = NO;
				SDKROOT = macosx10.5;
			};
			name = Release;
		};
/* End XCBuildConfiguration section */

/* Begin XCConfigurationList section */
		69CC7A3A12FBE8C300DE5676 /* Build configuration list for PBXNativeTarget "TestDataManipulation" */ = {
			isa = XCConfigurationList;
			buildConfigurations = (
				69CC7A2712FBE89100DE5676 /* Debug */,
				69CC7A2812FBE89100DE5676 /* Release */,
			);
			defaultConfigurationIsVisible = 0;
			defaultConfigurationName = Release;
		};
		69CC7AA112FC1B5600DE5676 /* Build configuration list for PBXNativeTarget "TestDataManipulation copy" */ = {
			isa = XCConfigurationList;
			buildConfigurations = (
				69CC7AA212FC1B5600DE5676 /* Debug */,
				69CC7AA312FC1B5600DE5676 /* Release */,
			);
			defaultConfigurationIsVisible = 0;
			defaultConfigurationName = Release;
		};
		C01FCF4A08A954540054247B /* Build configuration list for PBXNativeTarget "SleepTrackerX" */ = {
			isa = XCConfigurationList;
			buildConfigurations = (
				C01FCF4B08A954540054247B /* Debug */,
				C01FCF4C08A954540054247B /* Release */,
			);
			defaultConfigurationIsVisible = 0;
			defaultConfigurationName = Release;
		};
		C01FCF4E08A954540054247B /* Build configuration list for PBXProject "SleepTrackerX" */ = {
			isa = XCConfigurationList;
			buildConfigurations = (
				C01FCF4F08A954540054247B /* Debug */,
				C01FCF5008A954540054247B /* Release */,
			);
			defaultConfigurationIsVisible = 0;
			defaultConfigurationName = Release;
		};
/* End XCConfigurationList section */
	};
	rootObject = 29B97313FDCFA39411CA2CEA /* Project object */;
}
